
Microsoft Visual Studio Solution File, Format Version 12.00
# Visual Studio Version 17
VisualStudioVersion = 17.4.33213.308
MinimumVisualStudioVersion = 10.0.40219.1
Project("{2150E333-8FDC-42A3-9474-1A3956D46DE8}") = "src", "src", "{9D51D925-3E72-407C-8663-37B331FDE878}"
EndProject
Project("{FAE04EC0-301F-11D3-BF4B-00C04F79EFBC}") = "sftpperf", "sftpperf\sftpperf.csproj", "{7286CF82-227E-4E42-BDCD-F7F2BCEBF813}"
EndProject
Global
	GlobalSection(SolutionConfigurationPlatforms) = preSolution
		Debug|Any CPU = Debug|Any CPU
		Release|Any CPU = Release|Any CPU
	EndGlobalSection
	GlobalSection(ProjectConfigurationPlatforms) = postSolution
		{7286CF82-227E-4E42-BDCD-F7F2BCEBF813}.Debug|Any CPU.ActiveCfg = Debug|Any CPU
		{7286CF82-227E-4E42-BDCD-F7F2BCEBF813}.Debug|Any CPU.Build.0 = Debug|Any CPU
		{7286CF82-227E-4E42-BDCD-F7F2BCEBF813}.Release|Any CPU.ActiveCfg = Release|Any CPU
		{7286CF82-227E-4E42-BDCD-F7F2BCEBF813}.Release|Any CPU.Build.0 = Release|Any CPU
	EndGlobalSection
	GlobalSection(SolutionProperties) = preSolution
		HideSolutionNode = FALSE
	EndGlobalSection
	GlobalSection(NestedProjects) = preSolution
		{7286CF82-227E-4E42-BDCD-F7F2BCEBF813} = {9D51D925-3E72-407C-8663-37B331FDE878}
	EndGlobalSection
	GlobalSection(ExtensibilityGlobals) = postSolution
		SolutionGuid = {D0B94548-AAD2-4D05-B43D-1E44069B2E93}
	EndGlobalSection
EndGlobal
